
Microsoft Visual Studio Solution File, Format Version 12.00
# Visual Studio Version 17
VisualStudioVersion = 17.4.33205.214
MinimumVisualStudioVersion = 10.0.40219.1
Project("{FAE04EC0-301F-11D3-BF4B-00C04F79EFBC}") = "PractThreeApi", "PractThreeApi\PractThreeApi.csproj", "{95857D8A-4FFA-4EE2-87D0-CC575C6113AA}"
EndProject
Project("{FAE04EC0-301F-11D3-BF4B-00C04F79EFBC}") = "PractThreeApi.Models", "PractThreeApi.Models\PractThreeApi.Models.csproj", "{7A456961-BCB3-4535-BFDF-FB47468164B2}"
EndProject
Project("{FAE04EC0-301F-11D3-BF4B-00C04F79EFBC}") = "PractThreeApi.DataAccess", "PractThreeApi.DataAccess\PractThreeApi.DataAccess.csproj", "{6858B538-9067-48D7-A7C0-7F4CCDA6CB54}"
EndProject
Global
	GlobalSection(SolutionConfigurationPlatforms) = preSolution
		Debug|Any CPU = Debug|Any CPU
		Release|Any CPU = Release|Any CPU
	EndGlobalSection
	GlobalSection(ProjectConfigurationPlatforms) = postSolution
		{95857D8A-4FFA-4EE2-87D0-CC575C6113AA}.Debug|Any CPU.ActiveCfg = Debug|Any CPU
		{95857D8A-4FFA-4EE2-87D0-CC575C6113AA}.Debug|Any CPU.Build.0 = Debug|Any CPU
		{95857D8A-4FFA-4EE2-87D0-CC575C6113AA}.Release|Any CPU.ActiveCfg = Release|Any CPU
		{95857D8A-4FFA-4EE2-87D0-CC575C6113AA}.Release|Any CPU.Build.0 = Release|Any CPU
		{7A456961-BCB3-4535-BFDF-FB47468164B2}.Debug|Any CPU.ActiveCfg = Debug|Any CPU
		{7A456961-BCB3-4535-BFDF-FB47468164B2}.Debug|Any CPU.Build.0 = Debug|Any CPU
		{7A456961-BCB3-4535-BFDF-FB47468164B2}.Release|Any CPU.ActiveCfg = Release|Any CPU
		{7A456961-BCB3-4535-BFDF-FB47468164B2}.Release|Any CPU.Build.0 = Release|Any CPU
		{6858B538-9067-48D7-A7C0-7F4CCDA6CB54}.Debug|Any CPU.ActiveCfg = Debug|Any CPU
		{6858B538-9067-48D7-A7C0-7F4CCDA6CB54}.Debug|Any CPU.Build.0 = Debug|Any CPU
		{6858B538-9067-48D7-A7C0-7F4CCDA6CB54}.Release|Any CPU.ActiveCfg = Release|Any CPU
		{6858B538-9067-48D7-A7C0-7F4CCDA6CB54}.Release|Any CPU.Build.0 = Release|Any CPU
	EndGlobalSection
	GlobalSection(SolutionProperties) = preSolution
		HideSolutionNode = FALSE
	EndGlobalSection
	GlobalSection(ExtensibilityGlobals) = postSolution
		SolutionGuid = {AFE0C712-006B-4482-90BB-DC4F83FDCE3B}
	EndGlobalSection
EndGlobal
